
Microsoft Visual Studio Solution File, Format Version 12.00
# Visual Studio Version 16
VisualStudioVersion = 16.0.30503.244
MinimumVisualStudioVersion = 10.0.40219.1
Project("{FAE04EC0-301F-11D3-BF4B-00C04F79EFBC}") = "DirectorsPortalWPF", "DirectorsPortalWPF\DirectorsPortalWPF.csproj", "{68AAFF21-AD0F-4533-B29C-263C334E7CF2}"
EndProject
Project("{FAE04EC0-301F-11D3-BF4B-00C04F79EFBC}") = "DirectorPortalDatabase", "DirectorPortalDatabase\DirectorPortalDatabase.csproj", "{8373825A-6945-4C92-843A-A611BFD59EC4}"
EndProject
Project("{FAE04EC0-301F-11D3-BF4B-00C04F79EFBC}") = "DirectorsPortalGraphApi", "DirectorsPortalGraphApi\DirectorsPortalGraphApi.csproj", "{0D2287B2-89F6-4EBC-B604-45F51BC2A3C8}"
EndProject
Global
	GlobalSection(SolutionConfigurationPlatforms) = preSolution
		Debug|Any CPU = Debug|Any CPU
		Release|Any CPU = Release|Any CPU
	EndGlobalSection
	GlobalSection(ProjectConfigurationPlatforms) = postSolution
		{68AAFF21-AD0F-4533-B29C-263C334E7CF2}.Debug|Any CPU.ActiveCfg = Debug|Any CPU
		{68AAFF21-AD0F-4533-B29C-263C334E7CF2}.Debug|Any CPU.Build.0 = Debug|Any CPU
		{68AAFF21-AD0F-4533-B29C-263C334E7CF2}.Release|Any CPU.ActiveCfg = Release|Any CPU
		{68AAFF21-AD0F-4533-B29C-263C334E7CF2}.Release|Any CPU.Build.0 = Release|Any CPU
		{8373825A-6945-4C92-843A-A611BFD59EC4}.Debug|Any CPU.ActiveCfg = Debug|Any CPU
		{8373825A-6945-4C92-843A-A611BFD59EC4}.Debug|Any CPU.Build.0 = Debug|Any CPU
		{8373825A-6945-4C92-843A-A611BFD59EC4}.Release|Any CPU.ActiveCfg = Release|Any CPU
		{8373825A-6945-4C92-843A-A611BFD59EC4}.Release|Any CPU.Build.0 = Release|Any CPU
		{0D2287B2-89F6-4EBC-B604-45F51BC2A3C8}.Debug|Any CPU.ActiveCfg = Debug|Any CPU
		{0D2287B2-89F6-4EBC-B604-45F51BC2A3C8}.Debug|Any CPU.Build.0 = Debug|Any CPU
		{0D2287B2-89F6-4EBC-B604-45F51BC2A3C8}.Release|Any CPU.ActiveCfg = Release|Any CPU
		{0D2287B2-89F6-4EBC-B604-45F51BC2A3C8}.Release|Any CPU.Build.0 = Release|Any CPU
	EndGlobalSection
	GlobalSection(SolutionProperties) = preSolution
		HideSolutionNode = FALSE
	EndGlobalSection
	GlobalSection(ExtensibilityGlobals) = postSolution
		SolutionGuid = {87E738F5-378B-49A0-BCA8-0B7F3A367430}
	EndGlobalSection
EndGlobal
