
Microsoft Visual Studio Solution File, Format Version 12.00
# Visual Studio Version 16
VisualStudioVersion = 16.0.30503.244
MinimumVisualStudioVersion = 10.0.40219.1
Project("{FAE04EC0-301F-11D3-BF4B-00C04F79EFBC}") = "WebApplication1", "WebApplication1\WebApplication1.csproj", "{76DCBC84-AC1F-47CE-B3C4-B434D70B9967}"
EndProject
Global
	GlobalSection(SolutionConfigurationPlatforms) = preSolution
		Debug|Any CPU = Debug|Any CPU
		Release|Any CPU = Release|Any CPU
	EndGlobalSection
	GlobalSection(ProjectConfigurationPlatforms) = postSolution
		{76DCBC84-AC1F-47CE-B3C4-B434D70B9967}.Debug|Any CPU.ActiveCfg = Debug|Any CPU
		{76DCBC84-AC1F-47CE-B3C4-B434D70B9967}.Debug|Any CPU.Build.0 = Debug|Any CPU
		{76DCBC84-AC1F-47CE-B3C4-B434D70B9967}.Release|Any CPU.ActiveCfg = Release|Any CPU
		{76DCBC84-AC1F-47CE-B3C4-B434D70B9967}.Release|Any CPU.Build.0 = Release|Any CPU
	EndGlobalSection
	GlobalSection(SolutionProperties) = preSolution
		HideSolutionNode = FALSE
	EndGlobalSection
	GlobalSection(ExtensibilityGlobals) = postSolution
		SolutionGuid = {E623C47E-39C3-434A-95D6-6280D0CC0026}
	EndGlobalSection
EndGlobal
